{
  "nodes": {
    "lg": {
      "inputs": {
        "nixpkgs": [
          "nixpkgs"
        ]
      },
      "locked": {
        "lastModified": 1777792650,
        "narHash": "sha256-R+vN2ml7O0z50e/7u2ilvWTA43iaPwd5VvFGP1zHn/w=",
        "owner": "lifantsev",
        "repo": "lg",
        "rev": "d1347146798816d7e1bbe5968fa935c422b105d5",
        "type": "github"
      },
      "original": {
        "owner": "lifantsev",
        "repo": "lg",
        "type": "github"
      }
    },
    "niridrop": {
      "inputs": {
        "lg": [
          "lg"
        ],
        "nixpkgs": [
          "nixpkgs"
        ]
      },
      "locked": {
        "lastModified": 1778022374,
        "narHash": "sha256-EIWRjToALzVBF9MggypvDuPqCH7OqsIm2J3YdeZVoO8=",
        "owner": "lifantsev",
        "repo": "niridrop",
        "rev": "f02a234dd9c9190fa70e905b94f71609681cd3c6",
        "type": "github"
      },
      "original": {
        "owner": "lifantsev",
        "repo": "niridrop",
        "type": "github"
      }
    },
    "nixpkgs": {
      "locked": {
        "lastModified": 1778003029,
        "narHash": "sha256-q/nkKLDtHIyLjZpKhWk3cSK5IYsFqtMd6UtXF3ddjgA=",
        "owner": "nixos",
        "repo": "nixpkgs",
        "rev": "0c88e1f2bdb93d5999019e99cb0e61e1fe2af4c5",
        "type": "github"
      },
      "original": {
        "owner": "nixos",
        "ref": "nixos-25.11",
        "repo": "nixpkgs",
        "type": "github"
      }
    },
    "root": {
      "inputs": {
        "lg": "lg",
        "niridrop": "niridrop",
        "nixpkgs": "nixpkgs"
      }
    }
  },
  "root": "root",
  "version": 7
}
